// !$*UTF8*$!
{
	archiveVersion = 1;
	classes = {
	};
	objectVersion = 56;
	objects = {

/* Begin PBXBuildFile section */
		C90400522A94374B00803EFE /* WorkoutRow.swift in Sources */ = {isa = PBXBuildFile; fileRef = C90400512A94374B00803EFE /* WorkoutRow.swift */; };
		C95DC46C2A94663500649FF7 /* WorkoutName.swift in Sources */ = {isa = PBXBuildFile; fileRef = C95DC46B2A94663500649FF7 /* WorkoutName.swift */; };
		C95DC4712A948C5200649FF7 /* lightweight_2.mp3 in Resources */ = {isa = PBXBuildFile; fileRef = C95DC4702A948C5200649FF7 /* lightweight_2.mp3 */; };
		C988622B2B31C5F50080873D /* RootViewModel.swift in Sources */ = {isa = PBXBuildFile; fileRef = C988622A2B31C5F50080873D /* RootViewModel.swift */; };
		C988622E2B31C9C60080873D /* TabEnum.swift in Sources */ = {isa = PBXBuildFile; fileRef = C988622D2B31C9C60080873D /* TabEnum.swift */; };
		C98862302B31C9F00080873D /* WeightToggleStyle.swift in Sources */ = {isa = PBXBuildFile; fileRef = C988622F2B31C9F00080873D /* WeightToggleStyle.swift */; };
		C98862322B31CAD70080873D /* ContentViewModel.swift in Sources */ = {isa = PBXBuildFile; fileRef = C98862312B31CAD70080873D /* ContentViewModel.swift */; };
		C98862352B31D8480080873D /* CrossFit+CoreDataClass.swift in Sources */ = {isa = PBXBuildFile; fileRef = C98862332B31D8480080873D /* CrossFit+CoreDataClass.swift */; };
		C98862362B31D8480080873D /* CrossFit+CoreDataProperties.swift in Sources */ = {isa = PBXBuildFile; fileRef = C98862342B31D8480080873D /* CrossFit+CoreDataProperties.swift */; };
		C9CE942F2A9DCC320037BFFF /* EmitterView.swift in Sources */ = {isa = PBXBuildFile; fileRef = C9CE942E2A9DCC320037BFFF /* EmitterView.swift */; };
		C9CE94312A9DCC3D0037BFFF /* EmitterManager.swift in Sources */ = {isa = PBXBuildFile; fileRef = C9CE94302A9DCC3D0037BFFF /* EmitterManager.swift */; };
		C9CE94332A9E057F0037BFFF /* RootView.swift in Sources */ = {isa = PBXBuildFile; fileRef = C9CE94322A9E057F0037BFFF /* RootView.swift */; };
		C9CE943D2A9E40200037BFFF /* lightweight_3.mp3 in Resources */ = {isa = PBXBuildFile; fileRef = C9CE943C2A9E40200037BFFF /* lightweight_3.mp3 */; };
		C9CE943F2A9E42410037BFFF /* lightweight_4.mp3 in Resources */ = {isa = PBXBuildFile; fileRef = C9CE943E2A9E42410037BFFF /* lightweight_4.mp3 */; };
		C9EE2EDE2A90925300EE6557 /* OneRMRecordAppApp.swift in Sources */ = {isa = PBXBuildFile; fileRef = C9EE2EDD2A90925300EE6557 /* OneRMRecordAppApp.swift */; };
		C9EE2EE02A90925300EE6557 /* ContentView.swift in Sources */ = {isa = PBXBuildFile; fileRef = C9EE2EDF2A90925300EE6557 /* ContentView.swift */; };
		C9EE2EE22A90925400EE6557 /* Assets.xcassets in Resources */ = {isa = PBXBuildFile; fileRef = C9EE2EE12A90925400EE6557 /* Assets.xcassets */; };
		C9EE2EE52A90925400EE6557 /* Preview Assets.xcassets in Resources */ = {isa = PBXBuildFile; fileRef = C9EE2EE42A90925400EE6557 /* Preview Assets.xcassets */; };
		C9EE2EEC2A90939C00EE6557 /* OneRMView.swift in Sources */ = {isa = PBXBuildFile; fileRef = C9EE2EEB2A90939C00EE6557 /* OneRMView.swift */; };
		C9EE2EEE2A9093DB00EE6557 /* CalculatorView.swift in Sources */ = {isa = PBXBuildFile; fileRef = C9EE2EED2A9093DB00EE6557 /* CalculatorView.swift */; };
		C9EE2EF12A909D2800EE6557 /* HealthData.xcdatamodeld in Sources */ = {isa = PBXBuildFile; fileRef = C9EE2EEF2A909D2800EE6557 /* HealthData.xcdatamodeld */; };
		C9EE2EF72A90F15200EE6557 /* CrossFitDataModel.swift in Sources */ = {isa = PBXBuildFile; fileRef = C9EE2EF62A90F15200EE6557 /* CrossFitDataModel.swift */; };
		C9EE2EF92A90F1E000EE6557 /* CoreDataManager.swift in Sources */ = {isa = PBXBuildFile; fileRef = C9EE2EF82A90F1E000EE6557 /* CoreDataManager.swift */; };
		C9FF51962A9123BB005FC3F6 /* lightweight_1.mp3 in Resources */ = {isa = PBXBuildFile; fileRef = C9FF51952A9123BB005FC3F6 /* lightweight_1.mp3 */; };
/* End PBXBuildFile section */

/* Begin PBXFileReference section */
		C90400512A94374B00803EFE /* WorkoutRow.swift */ = {isa = PBXFileReference; lastKnownFileType = sourcecode.swift; path = WorkoutRow.swift; sourceTree = "<group>"; };
		C95DC46B2A94663500649FF7 /* WorkoutName.swift */ = {isa = PBXFileReference; lastKnownFileType = sourcecode.swift; path = WorkoutName.swift; sourceTree = "<group>"; };
		C95DC4702A948C5200649FF7 /* lightweight_2.mp3 */ = {isa = PBXFileReference; lastKnownFileType = audio.mp3; path = lightweight_2.mp3; sourceTree = "<group>"; };
		C988622A2B31C5F50080873D /* RootViewModel.swift */ = {isa = PBXFileReference; lastKnownFileType = sourcecode.swift; path = RootViewModel.swift; sourceTree = "<group>"; };
		C988622D2B31C9C60080873D /* TabEnum.swift */ = {isa = PBXFileReference; lastKnownFileType = sourcecode.swift; path = TabEnum.swift; sourceTree = "<group>"; };
		C988622F2B31C9F00080873D /* WeightToggleStyle.swift */ = {isa = PBXFileReference; lastKnownFileType = sourcecode.swift; path = WeightToggleStyle.swift; sourceTree = "<group>"; };
		C98862312B31CAD70080873D /* ContentViewModel.swift */ = {isa = PBXFileReference; lastKnownFileType = sourcecode.swift; path = ContentViewModel.swift; sourceTree = "<group>"; };
		C98862332B31D8480080873D /* CrossFit+CoreDataClass.swift */ = {isa = PBXFileReference; lastKnownFileType = sourcecode.swift; path = "CrossFit+CoreDataClass.swift"; sourceTree = "<group>"; };
		C98862342B31D8480080873D /* CrossFit+CoreDataProperties.swift */ = {isa = PBXFileReference; lastKnownFileType = sourcecode.swift; path = "CrossFit+CoreDataProperties.swift"; sourceTree = "<group>"; };
		C9CE942E2A9DCC320037BFFF /* EmitterView.swift */ = {isa = PBXFileReference; lastKnownFileType = sourcecode.swift; path = EmitterView.swift; sourceTree = "<group>"; };
		C9CE94302A9DCC3D0037BFFF /* EmitterManager.swift */ = {isa = PBXFileReference; lastKnownFileType = sourcecode.swift; path = EmitterManager.swift; sourceTree = "<group>"; };
		C9CE94322A9E057F0037BFFF /* RootView.swift */ = {isa = PBXFileReference; lastKnownFileType = sourcecode.swift; path = RootView.swift; sourceTree = "<group>"; };
		C9CE943C2A9E40200037BFFF /* lightweight_3.mp3 */ = {isa = PBXFileReference; lastKnownFileType = audio.mp3; path = lightweight_3.mp3; sourceTree = "<group>"; };
		C9CE943E2A9E42410037BFFF /* lightweight_4.mp3 */ = {isa = PBXFileReference; lastKnownFileType = audio.mp3; path = lightweight_4.mp3; sourceTree = "<group>"; };
		C9EE2EDA2A90925300EE6557 /* OneRMRecordApp.app */ = {isa = PBXFileReference; explicitFileType = wrapper.application; includeInIndex = 0; path = OneRMRecordApp.app; sourceTree = BUILT_PRODUCTS_DIR; };
		C9EE2EDD2A90925300EE6557 /* OneRMRecordAppApp.swift */ = {isa = PBXFileReference; lastKnownFileType = sourcecode.swift; path = OneRMRecordAppApp.swift; sourceTree = "<group>"; };
		C9EE2EDF2A90925300EE6557 /* ContentView.swift */ = {isa = PBXFileReference; lastKnownFileType = sourcecode.swift; path = ContentView.swift; sourceTree = "<group>"; };
		C9EE2EE12A90925400EE6557 /* Assets.xcassets */ = {isa = PBXFileReference; lastKnownFileType = folder.assetcatalog; path = Assets.xcassets; sourceTree = "<group>"; };
		C9EE2EE42A90925400EE6557 /* Preview Assets.xcassets */ = {isa = PBXFileReference; lastKnownFileType = folder.assetcatalog; path = "Preview Assets.xcassets"; sourceTree = "<group>"; };
		C9EE2EEB2A90939C00EE6557 /* OneRMView.swift */ = {isa = PBXFileReference; lastKnownFileType = sourcecode.swift; path = OneRMView.swift; sourceTree = "<group>"; };
		C9EE2EED2A9093DB00EE6557 /* CalculatorView.swift */ = {isa = PBXFileReference; lastKnownFileType = sourcecode.swift; path = CalculatorView.swift; sourceTree = "<group>"; };
		C9EE2EF02A909D2800EE6557 /* HealthData.xcdatamodel */ = {isa = PBXFileReference; lastKnownFileType = wrapper.xcdatamodel; path = HealthData.xcdatamodel; sourceTree = "<group>"; };
		C9EE2EF62A90F15200EE6557 /* CrossFitDataModel.swift */ = {isa = PBXFileReference; lastKnownFileType = sourcecode.swift; path = CrossFitDataModel.swift; sourceTree = "<group>"; };
		C9EE2EF82A90F1E000EE6557 /* CoreDataManager.swift */ = {isa = PBXFileReference; lastKnownFileType = sourcecode.swift; path = CoreDataManager.swift; sourceTree = "<group>"; };
		C9FF51952A9123BB005FC3F6 /* lightweight_1.mp3 */ = {isa = PBXFileReference; lastKnownFileType = audio.mp3; path = lightweight_1.mp3; sourceTree = "<group>"; };
		C9FF51972A9129FB005FC3F6 /* Info.plist */ = {isa = PBXFileReference; lastKnownFileType = text.plist; path = Info.plist; sourceTree = "<group>"; };
/* End PBXFileReference section */

/* Begin PBXFrameworksBuildPhase section */
		C9EE2ED72A90925300EE6557 /* Frameworks */ = {
			isa = PBXFrameworksBuildPhase;
			buildActionMask = 2147483647;
			files = (
			);
			runOnlyForDeploymentPostprocessing = 0;
		};
/* End PBXFrameworksBuildPhase section */

/* Begin PBXGroup section */
		C95DC46D2A947DEE00649FF7 /* Resource */ = {
			isa = PBXGroup;
			children = (
				C9FF51952A9123BB005FC3F6 /* lightweight_1.mp3 */,
				C95DC4702A948C5200649FF7 /* lightweight_2.mp3 */,
				C9CE943C2A9E40200037BFFF /* lightweight_3.mp3 */,
				C9CE943E2A9E42410037BFFF /* lightweight_4.mp3 */,
			);
			path = Resource;
			sourceTree = "<group>";
		};
		C98862292B31C5CD0080873D /* ViewModel */ = {
			isa = PBXGroup;
			children = (
				C988622A2B31C5F50080873D /* RootViewModel.swift */,
				C98862312B31CAD70080873D /* ContentViewModel.swift */,
			);
			path = ViewModel;
			sourceTree = "<group>";
		};
		C988622C2B31C9AA0080873D /* Helpers */ = {
			isa = PBXGroup;
			children = (
				C988622D2B31C9C60080873D /* TabEnum.swift */,
				C988622F2B31C9F00080873D /* WeightToggleStyle.swift */,
			);
			path = Helpers;
			sourceTree = "<group>";
		};
		C9CE94342A9E071C0037BFFF /* View */ = {
			isa = PBXGroup;
			children = (
				C9CE94322A9E057F0037BFFF /* RootView.swift */,
				C9EE2EDF2A90925300EE6557 /* ContentView.swift */,
				C9CE943B2A9E07EB0037BFFF /* EmitterView */,
				C9CE94392A9E07C00037BFFF /* OneRMView */,
				C9CE943A2A9E07D60037BFFF /* CalculatorView */,
			);
			path = View;
			sourceTree = "<group>";
		};
		C9CE94352A9E072F0037BFFF /* Model */ = {
			isa = PBXGroup;
			children = (
				C9CE94382A9E07AE0037BFFF /* CrossFitData */,
				C9CE94372A9E07980037BFFF /* Emitter */,
				C9CE94362A9E07860037BFFF /* CoreData */,
			);
			path = Model;
			sourceTree = "<group>";
		};
		C9CE94362A9E07860037BFFF /* CoreData */ = {
			isa = PBXGroup;
			children = (
				C9EE2EEF2A909D2800EE6557 /* HealthData.xcdatamodeld */,
				C98862332B31D8480080873D /* CrossFit+CoreDataClass.swift */,
				C98862342B31D8480080873D /* CrossFit+CoreDataProperties.swift */,
				C9EE2EF82A90F1E000EE6557 /* CoreDataManager.swift */,
			);
			path = CoreData;
			sourceTree = "<group>";
		};
		C9CE94372A9E07980037BFFF /* Emitter */ = {
			isa = PBXGroup;
			children = (
				C9CE94302A9DCC3D0037BFFF /* EmitterManager.swift */,
			);
			path = Emitter;
			sourceTree = "<group>";
		};
		C9CE94382A9E07AE0037BFFF /* CrossFitData */ = {
			isa = PBXGroup;
			children = (
				C95DC46B2A94663500649FF7 /* WorkoutName.swift */,
				C9EE2EF62A90F15200EE6557 /* CrossFitDataModel.swift */,
			);
			path = CrossFitData;
			sourceTree = "<group>";
		};
		C9CE94392A9E07C00037BFFF /* OneRMView */ = {
			isa = PBXGroup;
			children = (
				C9EE2EEB2A90939C00EE6557 /* OneRMView.swift */,
				C90400512A94374B00803EFE /* WorkoutRow.swift */,
			);
			path = OneRMView;
			sourceTree = "<group>";
		};
		C9CE943A2A9E07D60037BFFF /* CalculatorView */ = {
			isa = PBXGroup;
			children = (
				C9EE2EED2A9093DB00EE6557 /* CalculatorView.swift */,
			);
			path = CalculatorView;
			sourceTree = "<group>";
		};
		C9CE943B2A9E07EB0037BFFF /* EmitterView */ = {
			isa = PBXGroup;
			children = (
				C9CE942E2A9DCC320037BFFF /* EmitterView.swift */,
			);
			path = EmitterView;
			sourceTree = "<group>";
		};
		C9EE2ED12A90925300EE6557 = {
			isa = PBXGroup;
			children = (
				C9EE2EDC2A90925300EE6557 /* OneRMRecordApp */,
				C9EE2EDB2A90925300EE6557 /* Products */,
			);
			sourceTree = "<group>";
		};
		C9EE2EDB2A90925300EE6557 /* Products */ = {
			isa = PBXGroup;
			children = (
				C9EE2EDA2A90925300EE6557 /* OneRMRecordApp.app */,
			);
			name = Products;
			sourceTree = "<group>";
		};
		C9EE2EDC2A90925300EE6557 /* OneRMRecordApp */ = {
			isa = PBXGroup;
			children = (
				C9EE2EDD2A90925300EE6557 /* OneRMRecordAppApp.swift */,
				C9CE94352A9E072F0037BFFF /* Model */,
				C9CE94342A9E071C0037BFFF /* View */,
				C98862292B31C5CD0080873D /* ViewModel */,
				C988622C2B31C9AA0080873D /* Helpers */,
				C95DC46D2A947DEE00649FF7 /* Resource */,
				C9FF51972A9129FB005FC3F6 /* Info.plist */,
				C9EE2EE12A90925400EE6557 /* Assets.xcassets */,
				C9EE2EE32A90925400EE6557 /* Preview Content */,
			);
			path = OneRMRecordApp;
			sourceTree = "<group>";
		};
		C9EE2EE32A90925400EE6557 /* Preview Content */ = {
			isa = PBXGroup;
			children = (
				C9EE2EE42A90925400EE6557 /* Preview Assets.xcassets */,
			);
			path = "Preview Content";
			sourceTree = "<group>";
		};
/* End PBXGroup section */

/* Begin PBXNativeTarget section */
		C9EE2ED92A90925300EE6557 /* OneRMRecordApp */ = {
			isa = PBXNativeTarget;
			buildConfigurationList = C9EE2EE82A90925400EE6557 /* Build configuration list for PBXNativeTarget "OneRMRecordApp" */;
			buildPhases = (
				C9EE2ED62A90925300EE6557 /* Sources */,
				C9EE2ED72A90925300EE6557 /* Frameworks */,
				C9EE2ED82A90925300EE6557 /* Resources */,
			);
			buildRules = (
			);
			dependencies = (
			);
			name = OneRMRecordApp;
			productName = OneRMRecordApp;
			productReference = C9EE2EDA2A90925300EE6557 /* OneRMRecordApp.app */;
			productType = "com.apple.product-type.application";
		};
/* End PBXNativeTarget section */

/* Begin PBXProject section */
		C9EE2ED22A90925300EE6557 /* Project object */ = {
			isa = PBXProject;
			attributes = {
				BuildIndependentTargetsInParallel = 1;
				LastSwiftUpdateCheck = 1430;
				LastUpgradeCheck = 1430;
				TargetAttributes = {
					C9EE2ED92A90925300EE6557 = {
						CreatedOnToolsVersion = 14.3;
					};
				};
			};
			buildConfigurationList = C9EE2ED52A90925300EE6557 /* Build configuration list for PBXProject "OneRMRecordApp" */;
			compatibilityVersion = "Xcode 14.0";
			developmentRegion = en;
			hasScannedForEncodings = 0;
			knownRegions = (
				en,
				Base,
			);
			mainGroup = C9EE2ED12A90925300EE6557;
			productRefGroup = C9EE2EDB2A90925300EE6557 /* Products */;
			projectDirPath = "";
			projectRoot = "";
			targets = (
				C9EE2ED92A90925300EE6557 /* OneRMRecordApp */,
			);
		};
/* End PBXProject section */

/* Begin PBXResourcesBuildPhase section */
		C9EE2ED82A90925300EE6557 /* Resources */ = {
			isa = PBXResourcesBuildPhase;
			buildActionMask = 2147483647;
			files = (
				C9CE943F2A9E42410037BFFF /* lightweight_4.mp3 in Resources */,
				C95DC4712A948C5200649FF7 /* lightweight_2.mp3 in Resources */,
				C9CE943D2A9E40200037BFFF /* lightweight_3.mp3 in Resources */,
				C9EE2EE52A90925400EE6557 /* Preview Assets.xcassets in Resources */,
				C9FF51962A9123BB005FC3F6 /* lightweight_1.mp3 in Resources */,
				C9EE2EE22A90925400EE6557 /* Assets.xcassets in Resources */,
			);
			runOnlyForDeploymentPostprocessing = 0;
		};
/* End PBXResourcesBuildPhase section */

/* Begin PBXSourcesBuildPhase section */
		C9EE2ED62A90925300EE6557 /* Sources */ = {
			isa = PBXSourcesBuildPhase;
			buildActionMask = 2147483647;
			files = (
				C95DC46C2A94663500649FF7 /* WorkoutName.swift in Sources */,
				C9CE942F2A9DCC320037BFFF /* EmitterView.swift in Sources */,
				C9EE2EE02A90925300EE6557 /* ContentView.swift in Sources */,
				C988622E2B31C9C60080873D /* TabEnum.swift in Sources */,
				C98862362B31D8480080873D /* CrossFit+CoreDataProperties.swift in Sources */,
				C9CE94332A9E057F0037BFFF /* RootView.swift in Sources */,
				C9EE2EF72A90F15200EE6557 /* CrossFitDataModel.swift in Sources */,
				C9EE2EEE2A9093DB00EE6557 /* CalculatorView.swift in Sources */,
				C9EE2EEC2A90939C00EE6557 /* OneRMView.swift in Sources */,
				C90400522A94374B00803EFE /* WorkoutRow.swift in Sources */,
				C988622B2B31C5F50080873D /* RootViewModel.swift in Sources */,
				C9EE2EF92A90F1E000EE6557 /* CoreDataManager.swift in Sources */,
				C9CE94312A9DCC3D0037BFFF /* EmitterManager.swift in Sources */,
				C98862352B31D8480080873D /* CrossFit+CoreDataClass.swift in Sources */,
				C98862322B31CAD70080873D /* ContentViewModel.swift in Sources */,
				C9EE2EF12A909D2800EE6557 /* HealthData.xcdatamodeld in Sources */,
				C9EE2EDE2A90925300EE6557 /* OneRMRecordAppApp.swift in Sources */,
				C98862302B31C9F00080873D /* WeightToggleStyle.swift in Sources */,
			);
			runOnlyForDeploymentPostprocessing = 0;
		};
/* End PBXSourcesBuildPhase section */

/* Begin XCBuildConfiguration section */
		C9EE2EE62A90925400EE6557 /* Debug */ = {
			isa = XCBuildConfiguration;
			buildSettings = {
				ALWAYS_SEARCH_USER_PATHS = NO;
				CLANG_ANALYZER_NONNULL = YES;
				CLANG_ANALYZER_NUMBER_OBJECT_CONVERSION = YES_AGGRESSIVE;
				CLANG_CXX_LANGUAGE_STANDARD = "gnu++20";
				CLANG_ENABLE_MODULES = YES;
				CLANG_ENABLE_OBJC_ARC = YES;
				CLANG_ENABLE_OBJC_WEAK = YES;
				CLANG_WARN_BLOCK_CAPTURE_AUTORELEASING = YES;
				CLANG_WARN_BOOL_CONVERSION = YES;
				CLANG_WARN_COMMA = YES;
				CLANG_WARN_CONSTANT_CONVERSION = YES;
				CLANG_WARN_DEPRECATED_OBJC_IMPLEMENTATIONS = YES;
				CLANG_WARN_DIRECT_OBJC_ISA_USAGE = YES_ERROR;
				CLANG_WARN_DOCUMENTATION_COMMENTS = YES;
				CLANG_WARN_EMPTY_BODY = YES;
				CLANG_WARN_ENUM_CONVERSION = YES;
				CLANG_WARN_INFINITE_RECURSION = YES;
				CLANG_WARN_INT_CONVERSION = YES;
				CLANG_WARN_NON_LITERAL_NULL_CONVERSION = YES;
				CLANG_WARN_OBJC_IMPLICIT_RETAIN_SELF = YES;
				CLANG_WARN_OBJC_LITERAL_CONVERSION = YES;
				CLANG_WARN_OBJC_ROOT_CLASS = YES_ERROR;
				CLANG_WARN_QUOTED_INCLUDE_IN_FRAMEWORK_HEADER = YES;
				CLANG_WARN_RANGE_LOOP_ANALYSIS = YES;
				CLANG_WARN_STRICT_PROTOTYPES = YES;
				CLANG_WARN_SUSPICIOUS_MOVE = YES;
				CLANG_WARN_UNGUARDED_AVAILABILITY = YES_AGGRESSIVE;
				CLANG_WARN_UNREACHABLE_CODE = YES;
				CLANG_WARN__DUPLICATE_METHOD_MATCH = YES;
				COPY_PHASE_STRIP = NO;
				DEBUG_INFORMATION_FORMAT = dwarf;
				ENABLE_STRICT_OBJC_MSGSEND = YES;
				ENABLE_TESTABILITY = YES;
				GCC_C_LANGUAGE_STANDARD = gnu11;
				GCC_DYNAMIC_NO_PIC = NO;
				GCC_NO_COMMON_BLOCKS = YES;
				GCC_OPTIMIZATION_LEVEL = 0;
				GCC_PREPROCESSOR_DEFINITIONS = (
					"DEBUG=1",
					"$(inherited)",
				);
				GCC_WARN_64_TO_32_BIT_CONVERSION = YES;
				GCC_WARN_ABOUT_RETURN_TYPE = YES_ERROR;
				GCC_WARN_UNDECLARED_SELECTOR = YES;
				GCC_WARN_UNINITIALIZED_AUTOS = YES_AGGRESSIVE;
				GCC_WARN_UNUSED_FUNCTION = YES;
				GCC_WARN_UNUSED_VARIABLE = YES;
				IPHONEOS_DEPLOYMENT_TARGET = 16.4;
				MTL_ENABLE_DEBUG_INFO = INCLUDE_SOURCE;
				MTL_FAST_MATH = YES;
				ONLY_ACTIVE_ARCH = YES;
				SDKROOT = iphoneos;
				SWIFT_ACTIVE_COMPILATION_CONDITIONS = DEBUG;
				SWIFT_OPTIMIZATION_LEVEL = "-Onone";
			};
			name = Debug;
		};
		C9EE2EE72A90925400EE6557 /* Release */ = {
			isa = XCBuildConfiguration;
			buildSettings = {
				ALWAYS_SEARCH_USER_PATHS = NO;
				CLANG_ANALYZER_NONNULL = YES;
				CLANG_ANALYZER_NUMBER_OBJECT_CONVERSION = YES_AGGRESSIVE;
				CLANG_CXX_LANGUAGE_STANDARD = "gnu++20";
				CLANG_ENABLE_MODULES = YES;
				CLANG_ENABLE_OBJC_ARC = YES;
				CLANG_ENABLE_OBJC_WEAK = YES;
				CLANG_WARN_BLOCK_CAPTURE_AUTORELEASING = YES;
				CLANG_WARN_BOOL_CONVERSION = YES;
				CLANG_WARN_COMMA = YES;
				CLANG_WARN_CONSTANT_CONVERSION = YES;
				CLANG_WARN_DEPRECATED_OBJC_IMPLEMENTATIONS = YES;
				CLANG_WARN_DIRECT_OBJC_ISA_USAGE = YES_ERROR;
				CLANG_WARN_DOCUMENTATION_COMMENTS = YES;
				CLANG_WARN_EMPTY_BODY = YES;
				CLANG_WARN_ENUM_CONVERSION = YES;
				CLANG_WARN_INFINITE_RECURSION = YES;
				CLANG_WARN_INT_CONVERSION = YES;
				CLANG_WARN_NON_LITERAL_NULL_CONVERSION = YES;
				CLANG_WARN_OBJC_IMPLICIT_RETAIN_SELF = YES;
				CLANG_WARN_OBJC_LITERAL_CONVERSION = YES;
				CLANG_WARN_OBJC_ROOT_CLASS = YES_ERROR;
				CLANG_WARN_QUOTED_INCLUDE_IN_FRAMEWORK_HEADER = YES;
				CLANG_WARN_RANGE_LOOP_ANALYSIS = YES;
				CLANG_WARN_STRICT_PROTOTYPES = YES;
				CLANG_WARN_SUSPICIOUS_MOVE = YES;
				CLANG_WARN_UNGUARDED_AVAILABILITY = YES_AGGRESSIVE;
				CLANG_WARN_UNREACHABLE_CODE = YES;
				CLANG_WARN__DUPLICATE_METHOD_MATCH = YES;
				COPY_PHASE_STRIP = NO;
				DEBUG_INFORMATION_FORMAT = "dwarf-with-dsym";
				ENABLE_NS_ASSERTIONS = NO;
				ENABLE_STRICT_OBJC_MSGSEND = YES;
				GCC_C_LANGUAGE_STANDARD = gnu11;
				GCC_NO_COMMON_BLOCKS = YES;
				GCC_WARN_64_TO_32_BIT_CONVERSION = YES;
				GCC_WARN_ABOUT_RETURN_TYPE = YES_ERROR;
				GCC_WARN_UNDECLARED_SELECTOR = YES;
				GCC_WARN_UNINITIALIZED_AUTOS = YES_AGGRESSIVE;
				GCC_WARN_UNUSED_FUNCTION = YES;
				GCC_WARN_UNUSED_VARIABLE = YES;
				IPHONEOS_DEPLOYMENT_TARGET = 16.4;
				MTL_ENABLE_DEBUG_INFO = NO;
				MTL_FAST_MATH = YES;
				SDKROOT = iphoneos;
				SWIFT_COMPILATION_MODE = wholemodule;
				SWIFT_OPTIMIZATION_LEVEL = "-O";
				VALIDATE_PRODUCT = YES;
			};
			name = Release;
		};
		C9EE2EE92A90925400EE6557 /* Debug */ = {
			isa = XCBuildConfiguration;
			buildSettings = {
				ASSETCATALOG_COMPILER_APPICON_NAME = AppIcon;
				ASSETCATALOG_COMPILER_GLOBAL_ACCENT_COLOR_NAME = AccentColor;
				CODE_SIGN_STYLE = Automatic;
				CURRENT_PROJECT_VERSION = 1;
				DEVELOPMENT_ASSET_PATHS = "\"OneRMRecordApp/Preview Content\"";
				DEVELOPMENT_TEAM = UULN4L9KLP;
				ENABLE_PREVIEWS = YES;
				GENERATE_INFOPLIST_FILE = YES;
				INFOPLIST_FILE = OneRMRecordApp/Info.plist;
				INFOPLIST_KEY_CFBundleDisplayName = "삼최몇";
				INFOPLIST_KEY_LSApplicationCategoryType = "public.app-category.healthcare-fitness";
				INFOPLIST_KEY_UIApplicationSceneManifest_Generation = YES;
				INFOPLIST_KEY_UIApplicationSupportsIndirectInputEvents = YES;
				INFOPLIST_KEY_UIStatusBarStyle = UIStatusBarStyleDarkContent;
				INFOPLIST_KEY_UISupportedInterfaceOrientations = UIInterfaceOrientationPortrait;
				INFOPLIST_KEY_UISupportedInterfaceOrientations_iPad = "UIInterfaceOrientationLandscapeLeft UIInterfaceOrientationLandscapeRight UIInterfaceOrientationPortrait UIInterfaceOrientationPortraitUpsideDown";
				INFOPLIST_KEY_UIUserInterfaceStyle = Dark;
				IPHONEOS_DEPLOYMENT_TARGET = 16.0;
				LD_RUNPATH_SEARCH_PATHS = (
					"$(inherited)",
					"@executable_path/Frameworks",
				);
				MARKETING_VERSION = 1.3;
				PRODUCT_BUNDLE_IDENTIFIER = com.dh.OneRMRecordApp;
				PRODUCT_NAME = "$(TARGET_NAME)";
				SUPPORTED_PLATFORMS = "iphoneos iphonesimulator";
				SUPPORTS_MACCATALYST = NO;
				SUPPORTS_MAC_DESIGNED_FOR_IPHONE_IPAD = NO;
				SWIFT_EMIT_LOC_STRINGS = YES;
				SWIFT_VERSION = 5.0;
				TARGETED_DEVICE_FAMILY = 1;
			};
			name = Debug;
		};
		C9EE2EEA2A90925400EE6557 /* Release */ = {
			isa = XCBuildConfiguration;
			buildSettings = {
				ASSETCATALOG_COMPILER_APPICON_NAME = AppIcon;
				ASSETCATALOG_COMPILER_GLOBAL_ACCENT_COLOR_NAME = AccentColor;
				CODE_SIGN_STYLE = Automatic;
				CURRENT_PROJECT_VERSION = 1;
				DEVELOPMENT_ASSET_PATHS = "\"OneRMRecordApp/Preview Content\"";
				DEVELOPMENT_TEAM = UULN4L9KLP;
				ENABLE_PREVIEWS = YES;
				GENERATE_INFOPLIST_FILE = YES;
				INFOPLIST_FILE = OneRMRecordApp/Info.plist;
				INFOPLIST_KEY_CFBundleDisplayName = "삼최몇";
				INFOPLIST_KEY_LSApplicationCategoryType = "public.app-category.healthcare-fitness";
				INFOPLIST_KEY_UIApplicationSceneManifest_Generation = YES;
				INFOPLIST_KEY_UIApplicationSupportsIndirectInputEvents = YES;
				INFOPLIST_KEY_UIStatusBarStyle = UIStatusBarStyleDarkContent;
				INFOPLIST_KEY_UISupportedInterfaceOrientations = UIInterfaceOrientationPortrait;
				INFOPLIST_KEY_UISupportedInterfaceOrientations_iPad = "UIInterfaceOrientationLandscapeLeft UIInterfaceOrientationLandscapeRight UIInterfaceOrientationPortrait UIInterfaceOrientationPortraitUpsideDown";
				INFOPLIST_KEY_UIUserInterfaceStyle = Dark;
				IPHONEOS_DEPLOYMENT_TARGET = 16.0;
				LD_RUNPATH_SEARCH_PATHS = (
					"$(inherited)",
					"@executable_path/Frameworks",
				);
				MARKETING_VERSION = 1.3;
				PRODUCT_BUNDLE_IDENTIFIER = com.dh.OneRMRecordApp;
				PRODUCT_NAME = "$(TARGET_NAME)";
				SUPPORTED_PLATFORMS = "iphoneos iphonesimulator";
				SUPPORTS_MACCATALYST = NO;
				SUPPORTS_MAC_DESIGNED_FOR_IPHONE_IPAD = NO;
				SWIFT_EMIT_LOC_STRINGS = YES;
				SWIFT_VERSION = 5.0;
				TARGETED_DEVICE_FAMILY = 1;
			};
			name = Release;
		};
/* End XCBuildConfiguration section */

/* Begin XCConfigurationList section */
		C9EE2ED52A90925300EE6557 /* Build configuration list for PBXProject "OneRMRecordApp" */ = {
			isa = XCConfigurationList;
			buildConfigurations = (
				C9EE2EE62A90925400EE6557 /* Debug */,
				C9EE2EE72A90925400EE6557 /* Release */,
			);
			defaultConfigurationIsVisible = 0;
			defaultConfigurationName = Release;
		};
		C9EE2EE82A90925400EE6557 /* Build configuration list for PBXNativeTarget "OneRMRecordApp" */ = {
			isa = XCConfigurationList;
			buildConfigurations = (
				C9EE2EE92A90925400EE6557 /* Debug */,
				C9EE2EEA2A90925400EE6557 /* Release */,
			);
			defaultConfigurationIsVisible = 0;
			defaultConfigurationName = Release;
		};
/* End XCConfigurationList section */

/* Begin XCVersionGroup section */
		C9EE2EEF2A909D2800EE6557 /* HealthData.xcdatamodeld */ = {
			isa = XCVersionGroup;
			children = (
				C9EE2EF02A909D2800EE6557 /* HealthData.xcdatamodel */,
			);
			currentVersion = C9EE2EF02A909D2800EE6557 /* HealthData.xcdatamodel */;
			path = HealthData.xcdatamodeld;
			sourceTree = "<group>";
			versionGroupType = wrapper.xcdatamodel;
		};
/* End XCVersionGroup section */
	};
	rootObject = C9EE2ED22A90925300EE6557 /* Project object */;
}
